
Microsoft Visual Studio Solution File, Format Version 12.00
# Visual Studio Version 16
VisualStudioVersion = 16.0.31624.102
MinimumVisualStudioVersion = 10.0.40219.1
Project("{FAE04EC0-301F-11D3-BF4B-00C04F79EFBC}") = "SampleCloudAKSDeploy", "SampleCloudAKSDeploy\SampleCloudAKSDeploy.csproj", "{BFC683A6-CD4B-4DE9-9830-1E51595F7925}"
EndProject
Global
	GlobalSection(SolutionConfigurationPlatforms) = preSolution
		Debug|Any CPU = Debug|Any CPU
		Release|Any CPU = Release|Any CPU
	EndGlobalSection
	GlobalSection(ProjectConfigurationPlatforms) = postSolution
		{BFC683A6-CD4B-4DE9-9830-1E51595F7925}.Debug|Any CPU.ActiveCfg = Debug|Any CPU
		{BFC683A6-CD4B-4DE9-9830-1E51595F7925}.Debug|Any CPU.Build.0 = Debug|Any CPU
		{BFC683A6-CD4B-4DE9-9830-1E51595F7925}.Release|Any CPU.ActiveCfg = Release|Any CPU
		{BFC683A6-CD4B-4DE9-9830-1E51595F7925}.Release|Any CPU.Build.0 = Release|Any CPU
	EndGlobalSection
	GlobalSection(SolutionProperties) = preSolution
		HideSolutionNode = FALSE
	EndGlobalSection
	GlobalSection(ExtensibilityGlobals) = postSolution
		SolutionGuid = {AFFED153-AA94-4C1B-B1CE-869EA1C1CD01}
	EndGlobalSection
EndGlobal
